// !$*UTF8*$!
{
	archiveVersion = 1;
	classes = {
	};
	objectVersion = 51;
	objects = {

/* Begin PBXBuildFile section */
		17001B912526167E00387122 /* MAMealDetailInstructionsView.swift in Sources */ = {isa = PBXBuildFile; fileRef = 17001B902526167E00387122 /* MAMealDetailInstructionsView.swift */; };
		17001B9625261FC900387122 /* MAMealDetailIngredientsView.swift in Sources */ = {isa = PBXBuildFile; fileRef = 17001B9525261FC900387122 /* MAMealDetailIngredientsView.swift */; };
		17001BAB2527E1FC00387122 /* MAMealDetailViewControllerTests.swift in Sources */ = {isa = PBXBuildFile; fileRef = 17001BAA2527E1FC00387122 /* MAMealDetailViewControllerTests.swift */; };
		171C88EB2525292E009B22A1 /* MAMealDetailCoordinator.swift in Sources */ = {isa = PBXBuildFile; fileRef = 171C88E52525292E009B22A1 /* MAMealDetailCoordinator.swift */; };
		171C88EC2525292E009B22A1 /* MAMealDetailViewController.swift in Sources */ = {isa = PBXBuildFile; fileRef = 171C88E62525292E009B22A1 /* MAMealDetailViewController.swift */; };
		171C88ED2525292E009B22A1 /* MAMealDetailView.swift in Sources */ = {isa = PBXBuildFile; fileRef = 171C88E72525292E009B22A1 /* MAMealDetailView.swift */; };
		171C88EE2525292E009B22A1 /* MAMealDetailModel.swift in Sources */ = {isa = PBXBuildFile; fileRef = 171C88E82525292E009B22A1 /* MAMealDetailModel.swift */; };
		171C88EF2525292E009B22A1 /* MAMealDetailViewModel.swift in Sources */ = {isa = PBXBuildFile; fileRef = 171C88E92525292E009B22A1 /* MAMealDetailViewModel.swift */; };
		171C88F02525292E009B22A1 /* MAMealDetailService.swift in Sources */ = {isa = PBXBuildFile; fileRef = 171C88EA2525292E009B22A1 /* MAMealDetailService.swift */; };
		171C88F925253722009B22A1 /* MAMealDetailServiceTests.swift in Sources */ = {isa = PBXBuildFile; fileRef = 171C88F825253721009B22A1 /* MAMealDetailServiceTests.swift */; };
		1720BBE52506FEBC00C332CE /* MAFilterViewModelTests.swift in Sources */ = {isa = PBXBuildFile; fileRef = 1720BBE42506FEBC00C332CE /* MAFilterViewModelTests.swift */; };
		172222E72511951E007BDF43 /* MACategoriesViewControllerTests.swift in Sources */ = {isa = PBXBuildFile; fileRef = 172222E62511951E007BDF43 /* MACategoriesViewControllerTests.swift */; };
		172534372517FF970094B166 /* MANeumorphicView.swift in Sources */ = {isa = PBXBuildFile; fileRef = 172534362517FF970094B166 /* MANeumorphicView.swift */; };
		1738091E250B0B0500A2242E /* UIViewController+Reactive.swift in Sources */ = {isa = PBXBuildFile; fileRef = 1738091D250B0B0500A2242E /* UIViewController+Reactive.swift */; };
		17380920250B0F3100A2242E /* AuxiliarEnums.swift in Sources */ = {isa = PBXBuildFile; fileRef = 1738091F250B0F3100A2242E /* AuxiliarEnums.swift */; };
		17380922250B13D500A2242E /* MACategoriesCoordinatorTests.swift in Sources */ = {isa = PBXBuildFile; fileRef = 17380921250B13D500A2242E /* MACategoriesCoordinatorTests.swift */; };
		17380924250B13F100A2242E /* AppNavigatorSpy.swift in Sources */ = {isa = PBXBuildFile; fileRef = 17380923250B13F100A2242E /* AppNavigatorSpy.swift */; };
		17380927250B1DB300A2242E /* MACategoriesCell.swift in Sources */ = {isa = PBXBuildFile; fileRef = 17380926250B1DB300A2242E /* MACategoriesCell.swift */; };
		175C6B032506C6BD0041832D /* MACategoriesViewModel.swift in Sources */ = {isa = PBXBuildFile; fileRef = 175C6B022506C6BD0041832D /* MACategoriesViewModel.swift */; };
		175C6B082506CBDF0041832D /* MACategoriesViewModelTests.swift in Sources */ = {isa = PBXBuildFile; fileRef = 175C6B072506CBDF0041832D /* MACategoriesViewModelTests.swift */; };
		175C6B0A2506CC260041832D /* QuickSpec+BDT.swift in Sources */ = {isa = PBXBuildFile; fileRef = 175C6B092506CC260041832D /* QuickSpec+BDT.swift */; };
		175D281325290C0300CD8655 /* MAMealDetailCoordinatorTests.swift in Sources */ = {isa = PBXBuildFile; fileRef = 175D281225290C0300CD8655 /* MAMealDetailCoordinatorTests.swift */; };
		17670E0625183BD6009AF6D4 /* Nimble+Snapshot.swift in Sources */ = {isa = PBXBuildFile; fileRef = 17670E0525183BD6009AF6D4 /* Nimble+Snapshot.swift */; };
		1777C1EB25227324002F53E3 /* MAMealDummies.swift in Sources */ = {isa = PBXBuildFile; fileRef = 1777C1EA25227324002F53E3 /* MAMealDummies.swift */; };
		177EFF5A2525624F0080E53D /* MAMealDetailViewModelTests.swift in Sources */ = {isa = PBXBuildFile; fileRef = 177EFF592525624F0080E53D /* MAMealDetailViewModelTests.swift */; };
		177EFF60252564790080E53D /* MAMealDetailHeaderView.swift in Sources */ = {isa = PBXBuildFile; fileRef = 177EFF5F252564790080E53D /* MAMealDetailHeaderView.swift */; };
		17826C3E25196F040041BE97 /* MAErrorView.swift in Sources */ = {isa = PBXBuildFile; fileRef = 17826C3D25196F040041BE97 /* MAErrorView.swift */; };
		178FC7352514336300122E8E /* MANeumorphicLayer.swift in Sources */ = {isa = PBXBuildFile; fileRef = 178FC7342514336300122E8E /* MANeumorphicLayer.swift */; };
		179664E22506F36700CFA3E9 /* MAFilterViewModel.swift in Sources */ = {isa = PBXBuildFile; fileRef = 179664E12506F36700CFA3E9 /* MAFilterViewModel.swift */; };
		179DCBCB251E834B000BE6C4 /* MACategoriesMealCell.swift in Sources */ = {isa = PBXBuildFile; fileRef = 179DCBCA251E834B000BE6C4 /* MACategoriesMealCell.swift */; };
		179DCBCE251EAB8D000BE6C4 /* MAMealModel.swift in Sources */ = {isa = PBXBuildFile; fileRef = 179DCBCD251EAB8D000BE6C4 /* MAMealModel.swift */; };
		179DCBD0251EACA9000BE6C4 /* MACategoriesModel.swift in Sources */ = {isa = PBXBuildFile; fileRef = 179DCBCF251EACA9000BE6C4 /* MACategoriesModel.swift */; };
		17A48AAD2509B15900FB16D0 /* MACategoriesService.swift in Sources */ = {isa = PBXBuildFile; fileRef = 17A48AAC2509B15900FB16D0 /* MACategoriesService.swift */; };
		17A48AB02509B25100FB16D0 /* MACategoryModel.swift in Sources */ = {isa = PBXBuildFile; fileRef = 17A48AAF2509B25100FB16D0 /* MACategoryModel.swift */; };
		17A48AB32509B5FB00FB16D0 /* MACategoryDummies.swift in Sources */ = {isa = PBXBuildFile; fileRef = 17A48AB22509B5FB00FB16D0 /* MACategoryDummies.swift */; };
		17A48AB52509B67D00FB16D0 /* MACategoriesServiceTests.swift in Sources */ = {isa = PBXBuildFile; fileRef = 17A48AB42509B67D00FB16D0 /* MACategoriesServiceTests.swift */; };
		17A48AB82509BA1E00FB16D0 /* AppServiceMock.swift in Sources */ = {isa = PBXBuildFile; fileRef = 17A48AB72509BA1E00FB16D0 /* AppServiceMock.swift */; };
		17AE06462505A176006A53F6 /* AppService.swift in Sources */ = {isa = PBXBuildFile; fileRef = 17AE06452505A176006A53F6 /* AppService.swift */; };
		17AE06492505A5AA006A53F6 /* MAFilterView.swift in Sources */ = {isa = PBXBuildFile; fileRef = 17AE06482505A5AA006A53F6 /* MAFilterView.swift */; };
		17AE064B2505A5C7006A53F6 /* MAFilterViewController.swift in Sources */ = {isa = PBXBuildFile; fileRef = 17AE064A2505A5C7006A53F6 /* MAFilterViewController.swift */; };
		17AE064D2505A5EA006A53F6 /* MAFilterCoordinator.swift in Sources */ = {isa = PBXBuildFile; fileRef = 17AE064C2505A5EA006A53F6 /* MAFilterCoordinator.swift */; };
		17B3D0E52505852C000DB66F /* Localizable.strings in Resources */ = {isa = PBXBuildFile; fileRef = 17B3D0E72505852C000DB66F /* Localizable.strings */; };
		17B3D0EB25058628000DB66F /* MANavigationController.swift in Sources */ = {isa = PBXBuildFile; fileRef = 17B3D0EA25058628000DB66F /* MANavigationController.swift */; };
		17B3D0EE25058664000DB66F /* AppNavigator.swift in Sources */ = {isa = PBXBuildFile; fileRef = 17B3D0ED25058664000DB66F /* AppNavigator.swift */; };
		17B3D0F025058723000DB66F /* BaseCoordinator.swift in Sources */ = {isa = PBXBuildFile; fileRef = 17B3D0EF25058723000DB66F /* BaseCoordinator.swift */; };
		17B3D0F42505879D000DB66F /* MACategoriesCoordinator.swift in Sources */ = {isa = PBXBuildFile; fileRef = 17B3D0F32505879D000DB66F /* MACategoriesCoordinator.swift */; };
		17B3D0F6250587B4000DB66F /* BaseViewController.swift in Sources */ = {isa = PBXBuildFile; fileRef = 17B3D0F5250587B4000DB66F /* BaseViewController.swift */; };
		17B3D0F825058BC7000DB66F /* MACategoriesView.swift in Sources */ = {isa = PBXBuildFile; fileRef = 17B3D0F725058BC7000DB66F /* MACategoriesView.swift */; };
		17B3D0FA25058BF4000DB66F /* MACategoriesViewController.swift in Sources */ = {isa = PBXBuildFile; fileRef = 17B3D0F925058BF4000DB66F /* MACategoriesViewController.swift */; };
		17B3D0FC25058CBF000DB66F /* MAString.swift in Sources */ = {isa = PBXBuildFile; fileRef = 17B3D0FB25058CBF000DB66F /* MAString.swift */; };
		17B3D0FF25059127000DB66F /* String+Localized.swift in Sources */ = {isa = PBXBuildFile; fileRef = 17B3D0FE25059127000DB66F /* String+Localized.swift */; };
		17B3D10125059A6B000DB66F /* AppCoordinator.swift in Sources */ = {isa = PBXBuildFile; fileRef = 17B3D10025059A6B000DB66F /* AppCoordinator.swift */; };
		17C7559325057B3D00D9AB36 /* AppDelegate.swift in Sources */ = {isa = PBXBuildFile; fileRef = 17C7559225057B3D00D9AB36 /* AppDelegate.swift */; };
		17C7559525057B3D00D9AB36 /* SceneDelegate.swift in Sources */ = {isa = PBXBuildFile; fileRef = 17C7559425057B3D00D9AB36 /* SceneDelegate.swift */; };
		17C7559C25057B4200D9AB36 /* Assets.xcassets in Resources */ = {isa = PBXBuildFile; fileRef = 17C7559B25057B4200D9AB36 /* Assets.xcassets */; };
		17C7559F25057B4200D9AB36 /* LaunchScreen.storyboard in Resources */ = {isa = PBXBuildFile; fileRef = 17C7559D25057B4200D9AB36 /* LaunchScreen.storyboard */; };
		17D145852523B0B900D00A58 /* MACatDetailService.swift in Sources */ = {isa = PBXBuildFile; fileRef = 17D145842523B0B900D00A58 /* MACatDetailService.swift */; };
		17D1458A2523B2F700D00A58 /* MACatDetailModel.swift in Sources */ = {isa = PBXBuildFile; fileRef = 17D145892523B2F700D00A58 /* MACatDetailModel.swift */; };
		17D145902523B4D300D00A58 /* MACatDetailServiceTests.swift in Sources */ = {isa = PBXBuildFile; fileRef = 17D1458F2523B4D300D00A58 /* MACatDetailServiceTests.swift */; };
		17D145982523B71B00D00A58 /* MACatDetailViewModel.swift in Sources */ = {isa = PBXBuildFile; fileRef = 17D145972523B71B00D00A58 /* MACatDetailViewModel.swift */; };
		17D145AE2523B78000D00A58 /* MACatDetailCoordinator.swift in Sources */ = {isa = PBXBuildFile; fileRef = 17D145AD2523B78000D00A58 /* MACatDetailCoordinator.swift */; };
		17D145B32523BBC700D00A58 /* MACatDetailViewModelTests.swift in Sources */ = {isa = PBXBuildFile; fileRef = 17D145B22523BBC700D00A58 /* MACatDetailViewModelTests.swift */; };
		17D145BA2523BED000D00A58 /* MACatDetailHeaderCell.swift in Sources */ = {isa = PBXBuildFile; fileRef = 17D145B92523BED000D00A58 /* MACatDetailHeaderCell.swift */; };
		17D145C22523C05600D00A58 /* MACatDetailMealCell.swift in Sources */ = {isa = PBXBuildFile; fileRef = 17D145C12523C05600D00A58 /* MACatDetailMealCell.swift */; };
		17D145CA2523DB7000D00A58 /* MACatDetailView.swift in Sources */ = {isa = PBXBuildFile; fileRef = 17D145C92523DB7000D00A58 /* MACatDetailView.swift */; };
		17D145CF2523DDF800D00A58 /* MACatDetailViewController.swift in Sources */ = {isa = PBXBuildFile; fileRef = 17D145CE2523DDF800D00A58 /* MACatDetailViewController.swift */; };
		17D145D42523E0B500D00A58 /* MACatDetailViewControllerTests.swift in Sources */ = {isa = PBXBuildFile; fileRef = 17D145D32523E0B500D00A58 /* MACatDetailViewControllerTests.swift */; };
		17D145DC2523EC8300D00A58 /* MACatDetailCoordinatorTests.swift in Sources */ = {isa = PBXBuildFile; fileRef = 17D145DB2523EC8300D00A58 /* MACatDetailCoordinatorTests.swift */; };
		17F0E6AA2509C1E000655B6A /* MealAppUITests.swift in Sources */ = {isa = PBXBuildFile; fileRef = 17F0E6A92509C1E000655B6A /* MealAppUITests.swift */; };
		7116C6CC4119312FB05A8560 /* Pods_MealAppTests.framework in Frameworks */ = {isa = PBXBuildFile; fileRef = E18342CA51D225396CFE902F /* Pods_MealAppTests.framework */; };
		A408B5877037B0C612919FAB /* Pods_MealApp_MealAppUITests.framework in Frameworks */ = {isa = PBXBuildFile; fileRef = 13D930F3EC491CBB431643DC /* Pods_MealApp_MealAppUITests.framework */; };
		B2867D979FA6E70293203BCA /* Pods_MealApp.framework in Frameworks */ = {isa = PBXBuildFile; fileRef = 441135B8DAF37CEBA51A7E76 /* Pods_MealApp.framework */; };
/* End PBXBuildFile section */

/* Begin PBXContainerItemProxy section */
		17C755A625057B4200D9AB36 /* PBXContainerItemProxy */ = {
			isa = PBXContainerItemProxy;
			containerPortal = 17C7558725057B3D00D9AB36 /* Project object */;
			proxyType = 1;
			remoteGlobalIDString = 17C7558E25057B3D00D9AB36;
			remoteInfo = MealApp;
		};
		17C755B125057B4200D9AB36 /* PBXContainerItemProxy */ = {
			isa = PBXContainerItemProxy;
			containerPortal = 17C7558725057B3D00D9AB36 /* Project object */;
			proxyType = 1;
			remoteGlobalIDString = 17C7558E25057B3D00D9AB36;
			remoteInfo = MealApp;
		};
/* End PBXContainerItemProxy section */

/* Begin PBXFileReference section */
		13D930F3EC491CBB431643DC /* Pods_MealApp_MealAppUITests.framework */ = {isa = PBXFileReference; explicitFileType = wrapper.framework; includeInIndex = 0; path = Pods_MealApp_MealAppUITests.framework; sourceTree = BUILT_PRODUCTS_DIR; };
		17001B902526167E00387122 /* MAMealDetailInstructionsView.swift */ = {isa = PBXFileReference; lastKnownFileType = sourcecode.swift; path = MAMealDetailInstructionsView.swift; sourceTree = "<group>"; };
		17001B9525261FC900387122 /* MAMealDetailIngredientsView.swift */ = {isa = PBXFileReference; lastKnownFileType = sourcecode.swift; path = MAMealDetailIngredientsView.swift; sourceTree = "<group>"; };
		17001BAA2527E1FC00387122 /* MAMealDetailViewControllerTests.swift */ = {isa = PBXFileReference; lastKnownFileType = sourcecode.swift; path = MAMealDetailViewControllerTests.swift; sourceTree = "<group>"; };
		171C88E52525292E009B22A1 /* MAMealDetailCoordinator.swift */ = {isa = PBXFileReference; lastKnownFileType = sourcecode.swift; path = MAMealDetailCoordinator.swift; sourceTree = "<group>"; };
		171C88E62525292E009B22A1 /* MAMealDetailViewController.swift */ = {isa = PBXFileReference; lastKnownFileType = sourcecode.swift; path = MAMealDetailViewController.swift; sourceTree = "<group>"; };
		171C88E72525292E009B22A1 /* MAMealDetailView.swift */ = {isa = PBXFileReference; lastKnownFileType = sourcecode.swift; path = MAMealDetailView.swift; sourceTree = "<group>"; };
		171C88E82525292E009B22A1 /* MAMealDetailModel.swift */ = {isa = PBXFileReference; lastKnownFileType = sourcecode.swift; path = MAMealDetailModel.swift; sourceTree = "<group>"; };
		171C88E92525292E009B22A1 /* MAMealDetailViewModel.swift */ = {isa = PBXFileReference; lastKnownFileType = sourcecode.swift; path = MAMealDetailViewModel.swift; sourceTree = "<group>"; };
		171C88EA2525292E009B22A1 /* MAMealDetailService.swift */ = {isa = PBXFileReference; lastKnownFileType = sourcecode.swift; path = MAMealDetailService.swift; sourceTree = "<group>"; };
		171C88F825253721009B22A1 /* MAMealDetailServiceTests.swift */ = {isa = PBXFileReference; lastKnownFileType = sourcecode.swift; path = MAMealDetailServiceTests.swift; sourceTree = "<group>"; };
		1720BBE42506FEBC00C332CE /* MAFilterViewModelTests.swift */ = {isa = PBXFileReference; lastKnownFileType = sourcecode.swift; path = MAFilterViewModelTests.swift; sourceTree = "<group>"; };
		172222E62511951E007BDF43 /* MACategoriesViewControllerTests.swift */ = {isa = PBXFileReference; lastKnownFileType = sourcecode.swift; path = MACategoriesViewControllerTests.swift; sourceTree = "<group>"; };
		172534362517FF970094B166 /* MANeumorphicView.swift */ = {isa = PBXFileReference; lastKnownFileType = sourcecode.swift; path = MANeumorphicView.swift; sourceTree = "<group>"; };
		1738091D250B0B0500A2242E /* UIViewController+Reactive.swift */ = {isa = PBXFileReference; lastKnownFileType = sourcecode.swift; path = "UIViewController+Reactive.swift"; sourceTree = "<group>"; };
		1738091F250B0F3100A2242E /* AuxiliarEnums.swift */ = {isa = PBXFileReference; lastKnownFileType = sourcecode.swift; path = AuxiliarEnums.swift; sourceTree = "<group>"; };
		17380921250B13D500A2242E /* MACategoriesCoordinatorTests.swift */ = {isa = PBXFileReference; lastKnownFileType = sourcecode.swift; path = MACategoriesCoordinatorTests.swift; sourceTree = "<group>"; };
		17380923250B13F100A2242E /* AppNavigatorSpy.swift */ = {isa = PBXFileReference; lastKnownFileType = sourcecode.swift; path = AppNavigatorSpy.swift; sourceTree = "<group>"; };
		17380926250B1DB300A2242E /* MACategoriesCell.swift */ = {isa = PBXFileReference; lastKnownFileType = sourcecode.swift; path = MACategoriesCell.swift; sourceTree = "<group>"; };
		175C6B022506C6BD0041832D /* MACategoriesViewModel.swift */ = {isa = PBXFileReference; lastKnownFileType = sourcecode.swift; path = MACategoriesViewModel.swift; sourceTree = "<group>"; };
		175C6B072506CBDF0041832D /* MACategoriesViewModelTests.swift */ = {isa = PBXFileReference; lastKnownFileType = sourcecode.swift; path = MACategoriesViewModelTests.swift; sourceTree = "<group>"; };
		175C6B092506CC260041832D /* QuickSpec+BDT.swift */ = {isa = PBXFileReference; lastKnownFileType = sourcecode.swift; path = "QuickSpec+BDT.swift"; sourceTree = "<group>"; };
		175D281225290C0300CD8655 /* MAMealDetailCoordinatorTests.swift */ = {isa = PBXFileReference; lastKnownFileType = sourcecode.swift; path = MAMealDetailCoordinatorTests.swift; sourceTree = "<group>"; };
		17670E0525183BD6009AF6D4 /* Nimble+Snapshot.swift */ = {isa = PBXFileReference; lastKnownFileType = sourcecode.swift; path = "Nimble+Snapshot.swift"; sourceTree = "<group>"; };
		1777C1EA25227324002F53E3 /* MAMealDummies.swift */ = {isa = PBXFileReference; lastKnownFileType = sourcecode.swift; path = MAMealDummies.swift; sourceTree = "<group>"; };
		177EFF592525624F0080E53D /* MAMealDetailViewModelTests.swift */ = {isa = PBXFileReference; lastKnownFileType = sourcecode.swift; path = MAMealDetailViewModelTests.swift; sourceTree = "<group>"; };
		177EFF5F252564790080E53D /* MAMealDetailHeaderView.swift */ = {isa = PBXFileReference; lastKnownFileType = sourcecode.swift; path = MAMealDetailHeaderView.swift; sourceTree = "<group>"; };
		17826C3D25196F040041BE97 /* MAErrorView.swift */ = {isa = PBXFileReference; lastKnownFileType = sourcecode.swift; path = MAErrorView.swift; sourceTree = "<group>"; };
		178FC7342514336300122E8E /* MANeumorphicLayer.swift */ = {isa = PBXFileReference; lastKnownFileType = sourcecode.swift; path = MANeumorphicLayer.swift; sourceTree = "<group>"; };
		179664E12506F36700CFA3E9 /* MAFilterViewModel.swift */ = {isa = PBXFileReference; lastKnownFileType = sourcecode.swift; path = MAFilterViewModel.swift; sourceTree = "<group>"; };
		179DCBCA251E834B000BE6C4 /* MACategoriesMealCell.swift */ = {isa = PBXFileReference; lastKnownFileType = sourcecode.swift; path = MACategoriesMealCell.swift; sourceTree = "<group>"; };
		179DCBCD251EAB8D000BE6C4 /* MAMealModel.swift */ = {isa = PBXFileReference; lastKnownFileType = sourcecode.swift; path = MAMealModel.swift; sourceTree = "<group>"; };
		179DCBCF251EACA9000BE6C4 /* MACategoriesModel.swift */ = {isa = PBXFileReference; lastKnownFileType = sourcecode.swift; path = MACategoriesModel.swift; sourceTree = "<group>"; };
		17A48AAC2509B15900FB16D0 /* MACategoriesService.swift */ = {isa = PBXFileReference; lastKnownFileType = sourcecode.swift; path = MACategoriesService.swift; sourceTree = "<group>"; };
		17A48AAF2509B25100FB16D0 /* MACategoryModel.swift */ = {isa = PBXFileReference; lastKnownFileType = sourcecode.swift; path = MACategoryModel.swift; sourceTree = "<group>"; };
		17A48AB22509B5FB00FB16D0 /* MACategoryDummies.swift */ = {isa = PBXFileReference; lastKnownFileType = sourcecode.swift; path = MACategoryDummies.swift; sourceTree = "<group>"; };
		17A48AB42509B67D00FB16D0 /* MACategoriesServiceTests.swift */ = {isa = PBXFileReference; lastKnownFileType = sourcecode.swift; path = MACategoriesServiceTests.swift; sourceTree = "<group>"; };
		17A48AB72509BA1E00FB16D0 /* AppServiceMock.swift */ = {isa = PBXFileReference; lastKnownFileType = sourcecode.swift; path = AppServiceMock.swift; sourceTree = "<group>"; };
		17AE06452505A176006A53F6 /* AppService.swift */ = {isa = PBXFileReference; lastKnownFileType = sourcecode.swift; path = AppService.swift; sourceTree = "<group>"; };
		17AE06482505A5AA006A53F6 /* MAFilterView.swift */ = {isa = PBXFileReference; lastKnownFileType = sourcecode.swift; path = MAFilterView.swift; sourceTree = "<group>"; };
		17AE064A2505A5C7006A53F6 /* MAFilterViewController.swift */ = {isa = PBXFileReference; lastKnownFileType = sourcecode.swift; path = MAFilterViewController.swift; sourceTree = "<group>"; };
		17AE064C2505A5EA006A53F6 /* MAFilterCoordinator.swift */ = {isa = PBXFileReference; lastKnownFileType = sourcecode.swift; path = MAFilterCoordinator.swift; sourceTree = "<group>"; };
		17B3D0E62505852C000DB66F /* en */ = {isa = PBXFileReference; lastKnownFileType = text.plist.strings; name = en; path = en.lproj/Localizable.strings; sourceTree = "<group>"; };
		17B3D0EA25058628000DB66F /* MANavigationController.swift */ = {isa = PBXFileReference; lastKnownFileType = sourcecode.swift; path = MANavigationController.swift; sourceTree = "<group>"; };
		17B3D0ED25058664000DB66F /* AppNavigator.swift */ = {isa = PBXFileReference; lastKnownFileType = sourcecode.swift; path = AppNavigator.swift; sourceTree = "<group>"; };
		17B3D0EF25058723000DB66F /* BaseCoordinator.swift */ = {isa = PBXFileReference; lastKnownFileType = sourcecode.swift; path = BaseCoordinator.swift; sourceTree = "<group>"; };
		17B3D0F32505879D000DB66F /* MACategoriesCoordinator.swift */ = {isa = PBXFileReference; lastKnownFileType = sourcecode.swift; path = MACategoriesCoordinator.swift; sourceTree = "<group>"; };
		17B3D0F5250587B4000DB66F /* BaseViewController.swift */ = {isa = PBXFileReference; lastKnownFileType = sourcecode.swift; path = BaseViewController.swift; sourceTree = "<group>"; };
		17B3D0F725058BC7000DB66F /* MACategoriesView.swift */ = {isa = PBXFileReference; lastKnownFileType = sourcecode.swift; path = MACategoriesView.swift; sourceTree = "<group>"; };
		17B3D0F925058BF4000DB66F /* MACategoriesViewController.swift */ = {isa = PBXFileReference; lastKnownFileType = sourcecode.swift; path = MACategoriesViewController.swift; sourceTree = "<group>"; };
		17B3D0FB25058CBF000DB66F /* MAString.swift */ = {isa = PBXFileReference; lastKnownFileType = sourcecode.swift; path = MAString.swift; sourceTree = "<group>"; };
		17B3D0FE25059127000DB66F /* String+Localized.swift */ = {isa = PBXFileReference; lastKnownFileType = sourcecode.swift; path = "String+Localized.swift"; sourceTree = "<group>"; };
		17B3D10025059A6B000DB66F /* AppCoordinator.swift */ = {isa = PBXFileReference; lastKnownFileType = sourcecode.swift; path = AppCoordinator.swift; sourceTree = "<group>"; };
		17C7558F25057B3D00D9AB36 /* MealApp.app */ = {isa = PBXFileReference; explicitFileType = wrapper.application; includeInIndex = 0; path = MealApp.app; sourceTree = BUILT_PRODUCTS_DIR; };
		17C7559225057B3D00D9AB36 /* AppDelegate.swift */ = {isa = PBXFileReference; lastKnownFileType = sourcecode.swift; path = AppDelegate.swift; sourceTree = "<group>"; };
		17C7559425057B3D00D9AB36 /* SceneDelegate.swift */ = {isa = PBXFileReference; lastKnownFileType = sourcecode.swift; path = SceneDelegate.swift; sourceTree = "<group>"; };
		17C7559B25057B4200D9AB36 /* Assets.xcassets */ = {isa = PBXFileReference; lastKnownFileType = folder.assetcatalog; path = Assets.xcassets; sourceTree = "<group>"; };
		17C7559E25057B4200D9AB36 /* Base */ = {isa = PBXFileReference; lastKnownFileType = file.storyboard; name = Base; path = Base.lproj/LaunchScreen.storyboard; sourceTree = "<group>"; };
		17C755A025057B4200D9AB36 /* Info.plist */ = {isa = PBXFileReference; lastKnownFileType = text.plist.xml; path = Info.plist; sourceTree = "<group>"; };
		17C755A525057B4200D9AB36 /* MealAppTests.xctest */ = {isa = PBXFileReference; explicitFileType = wrapper.cfbundle; includeInIndex = 0; path = MealAppTests.xctest; sourceTree = BUILT_PRODUCTS_DIR; };
		17C755AB25057B4200D9AB36 /* Info.plist */ = {isa = PBXFileReference; lastKnownFileType = text.plist.xml; path = Info.plist; sourceTree = "<group>"; };
		17C755B025057B4200D9AB36 /* MealAppUITests.xctest */ = {isa = PBXFileReference; explicitFileType = wrapper.cfbundle; includeInIndex = 0; path = MealAppUITests.xctest; sourceTree = BUILT_PRODUCTS_DIR; };
		17C755B625057B4200D9AB36 /* Info.plist */ = {isa = PBXFileReference; lastKnownFileType = text.plist.xml; path = Info.plist; sourceTree = "<group>"; };
		17D145842523B0B900D00A58 /* MACatDetailService.swift */ = {isa = PBXFileReference; lastKnownFileType = sourcecode.swift; path = MACatDetailService.swift; sourceTree = "<group>"; };
		17D145892523B2F700D00A58 /* MACatDetailModel.swift */ = {isa = PBXFileReference; lastKnownFileType = sourcecode.swift; path = MACatDetailModel.swift; sourceTree = "<group>"; };
		17D1458F2523B4D300D00A58 /* MACatDetailServiceTests.swift */ = {isa = PBXFileReference; lastKnownFileType = sourcecode.swift; path = MACatDetailServiceTests.swift; sourceTree = "<group>"; };
		17D145972523B71B00D00A58 /* MACatDetailViewModel.swift */ = {isa = PBXFileReference; lastKnownFileType = sourcecode.swift; path = MACatDetailViewModel.swift; sourceTree = "<group>"; };
		17D145AD2523B78000D00A58 /* MACatDetailCoordinator.swift */ = {isa = PBXFileReference; lastKnownFileType = sourcecode.swift; path = MACatDetailCoordinator.swift; sourceTree = "<group>"; };
		17D145B22523BBC700D00A58 /* MACatDetailViewModelTests.swift */ = {isa = PBXFileReference; lastKnownFileType = sourcecode.swift; path = MACatDetailViewModelTests.swift; sourceTree = "<group>"; };
		17D145B92523BED000D00A58 /* MACatDetailHeaderCell.swift */ = {isa = PBXFileReference; lastKnownFileType = sourcecode.swift; path = MACatDetailHeaderCell.swift; sourceTree = "<group>"; };
		17D145C12523C05600D00A58 /* MACatDetailMealCell.swift */ = {isa = PBXFileReference; lastKnownFileType = sourcecode.swift; path = MACatDetailMealCell.swift; sourceTree = "<group>"; };
		17D145C92523DB7000D00A58 /* MACatDetailView.swift */ = {isa = PBXFileReference; lastKnownFileType = sourcecode.swift; path = MACatDetailView.swift; sourceTree = "<group>"; };
		17D145CE2523DDF800D00A58 /* MACatDetailViewController.swift */ = {isa = PBXFileReference; lastKnownFileType = sourcecode.swift; path = MACatDetailViewController.swift; sourceTree = "<group>"; };
		17D145D32523E0B500D00A58 /* MACatDetailViewControllerTests.swift */ = {isa = PBXFileReference; lastKnownFileType = sourcecode.swift; path = MACatDetailViewControllerTests.swift; sourceTree = "<group>"; };
		17D145DB2523EC8300D00A58 /* MACatDetailCoordinatorTests.swift */ = {isa = PBXFileReference; lastKnownFileType = sourcecode.swift; path = MACatDetailCoordinatorTests.swift; sourceTree = "<group>"; };
		17F0E6A92509C1E000655B6A /* MealAppUITests.swift */ = {isa = PBXFileReference; lastKnownFileType = sourcecode.swift; path = MealAppUITests.swift; sourceTree = "<group>"; };
		3A15CDF2F838086347CCAA09 /* Pods-MealAppTests.debug.xcconfig */ = {isa = PBXFileReference; includeInIndex = 1; lastKnownFileType = text.xcconfig; name = "Pods-MealAppTests.debug.xcconfig"; path = "Target Support Files/Pods-MealAppTests/Pods-MealAppTests.debug.xcconfig"; sourceTree = "<group>"; };
		42E5F5C0DF6D1CFB3D0BCE22 /* Pods-MealApp.release.xcconfig */ = {isa = PBXFileReference; includeInIndex = 1; lastKnownFileType = text.xcconfig; name = "Pods-MealApp.release.xcconfig"; path = "Target Support Files/Pods-MealApp/Pods-MealApp.release.xcconfig"; sourceTree = "<group>"; };
		441135B8DAF37CEBA51A7E76 /* Pods_MealApp.framework */ = {isa = PBXFileReference; explicitFileType = wrapper.framework; includeInIndex = 0; path = Pods_MealApp.framework; sourceTree = BUILT_PRODUCTS_DIR; };
		600011BCA3AC8891CD7EBD40 /* Pods-MealAppTests.release.xcconfig */ = {isa = PBXFileReference; includeInIndex = 1; lastKnownFileType = text.xcconfig; name = "Pods-MealAppTests.release.xcconfig"; path = "Target Support Files/Pods-MealAppTests/Pods-MealAppTests.release.xcconfig"; sourceTree = "<group>"; };
		690359AD27F6DB4E88658ED9 /* Pods-MealApp-MealAppUITests.debug.xcconfig */ = {isa = PBXFileReference; includeInIndex = 1; lastKnownFileType = text.xcconfig; name = "Pods-MealApp-MealAppUITests.debug.xcconfig"; path = "Target Support Files/Pods-MealApp-MealAppUITests/Pods-MealApp-MealAppUITests.debug.xcconfig"; sourceTree = "<group>"; };
		892FBC55FD148FFE5DEBA8A8 /* Pods-MealApp.debug.xcconfig */ = {isa = PBXFileReference; includeInIndex = 1; lastKnownFileType = text.xcconfig; name = "Pods-MealApp.debug.xcconfig"; path = "Target Support Files/Pods-MealApp/Pods-MealApp.debug.xcconfig"; sourceTree = "<group>"; };
		BF40E031324F9E87CCB30478 /* Pods-MealApp-MealAppUITests.release.xcconfig */ = {isa = PBXFileReference; includeInIndex = 1; lastKnownFileType = text.xcconfig; name = "Pods-MealApp-MealAppUITests.release.xcconfig"; path = "Target Support Files/Pods-MealApp-MealAppUITests/Pods-MealApp-MealAppUITests.release.xcconfig"; sourceTree = "<group>"; };
		E18342CA51D225396CFE902F /* Pods_MealAppTests.framework */ = {isa = PBXFileReference; explicitFileType = wrapper.framework; includeInIndex = 0; path = Pods_MealAppTests.framework; sourceTree = BUILT_PRODUCTS_DIR; };
/* End PBXFileReference section */

/* Begin PBXFrameworksBuildPhase section */
		17C7558C25057B3D00D9AB36 /* Frameworks */ = {
			isa = PBXFrameworksBuildPhase;
			buildActionMask = 2147483647;
			files = (
				B2867D979FA6E70293203BCA /* Pods_MealApp.framework in Frameworks */,
			);
			runOnlyForDeploymentPostprocessing = 0;
		};
		17C755A225057B4200D9AB36 /* Frameworks */ = {
			isa = PBXFrameworksBuildPhase;
			buildActionMask = 2147483647;
			files = (
				7116C6CC4119312FB05A8560 /* Pods_MealAppTests.framework in Frameworks */,
			);
			runOnlyForDeploymentPostprocessing = 0;
		};
		17C755AD25057B4200D9AB36 /* Frameworks */ = {
			isa = PBXFrameworksBuildPhase;
			buildActionMask = 2147483647;
			files = (
				A408B5877037B0C612919FAB /* Pods_MealApp_MealAppUITests.framework in Frameworks */,
			);
			runOnlyForDeploymentPostprocessing = 0;
		};
/* End PBXFrameworksBuildPhase section */

/* Begin PBXGroup section */
		01C5DE82C65C5B428E809267 /* Frameworks */ = {
			isa = PBXGroup;
			children = (
				441135B8DAF37CEBA51A7E76 /* Pods_MealApp.framework */,
				13D930F3EC491CBB431643DC /* Pods_MealApp_MealAppUITests.framework */,
				E18342CA51D225396CFE902F /* Pods_MealAppTests.framework */,
			);
			name = Frameworks;
			sourceTree = "<group>";
		};
		171C88E425252918009B22A1 /* MealDetail */ = {
			isa = PBXGroup;
			children = (
				177EFF5E252564370080E53D /* Views */,
				171C88E52525292E009B22A1 /* MAMealDetailCoordinator.swift */,
				171C88E62525292E009B22A1 /* MAMealDetailViewController.swift */,
				171C88E82525292E009B22A1 /* MAMealDetailModel.swift */,
				171C88E92525292E009B22A1 /* MAMealDetailViewModel.swift */,
				171C88EA2525292E009B22A1 /* MAMealDetailService.swift */,
			);
			path = MealDetail;
			sourceTree = "<group>";
		};
		171C88F72525370D009B22A1 /* MealDetail */ = {
			isa = PBXGroup;
			children = (
				171C88F825253721009B22A1 /* MAMealDetailServiceTests.swift */,
				177EFF592525624F0080E53D /* MAMealDetailViewModelTests.swift */,
				17001BAA2527E1FC00387122 /* MAMealDetailViewControllerTests.swift */,
				175D281225290C0300CD8655 /* MAMealDetailCoordinatorTests.swift */,
			);
			path = MealDetail;
			sourceTree = "<group>";
		};
		1720BBE32506FEAC00C332CE /* Filter */ = {
			isa = PBXGroup;
			children = (
				1720BBE42506FEBC00C332CE /* MAFilterViewModelTests.swift */,
			);
			path = Filter;
			sourceTree = "<group>";
		};
		172534352517FF760094B166 /* Neumorphic */ = {
			isa = PBXGroup;
			children = (
				178FC7342514336300122E8E /* MANeumorphicLayer.swift */,
				172534362517FF970094B166 /* MANeumorphicView.swift */,
			);
			path = Neumorphic;
			sourceTree = "<group>";
		};
		17380925250B1D9F00A2242E /* Cells */ = {
			isa = PBXGroup;
			children = (
				17380926250B1DB300A2242E /* MACategoriesCell.swift */,
				179DCBCA251E834B000BE6C4 /* MACategoriesMealCell.swift */,
			);
			path = Cells;
			sourceTree = "<group>";
		};
		175C6B042506CBB30041832D /* Extensions */ = {
			isa = PBXGroup;
			children = (
				175C6B092506CC260041832D /* QuickSpec+BDT.swift */,
				17670E0525183BD6009AF6D4 /* Nimble+Snapshot.swift */,
			);
			path = Extensions;
			sourceTree = "<group>";
		};
		175C6B052506CBBA0041832D /* Scenes */ = {
			isa = PBXGroup;
			children = (
				175C6B062506CBBE0041832D /* Categories */,
				17D1458E2523B4C200D00A58 /* CategoryDetail */,
				1720BBE32506FEAC00C332CE /* Filter */,
				171C88F72525370D009B22A1 /* MealDetail */,
			);
			path = Scenes;
			sourceTree = "<group>";
		};
		175C6B062506CBBE0041832D /* Categories */ = {
			isa = PBXGroup;
			children = (
				175C6B072506CBDF0041832D /* MACategoriesViewModelTests.swift */,
				17A48AB42509B67D00FB16D0 /* MACategoriesServiceTests.swift */,
				17380921250B13D500A2242E /* MACategoriesCoordinatorTests.swift */,
				172222E62511951E007BDF43 /* MACategoriesViewControllerTests.swift */,
			);
			path = Categories;
			sourceTree = "<group>";
		};
		177EFF5E252564370080E53D /* Views */ = {
			isa = PBXGroup;
			children = (
				171C88E72525292E009B22A1 /* MAMealDetailView.swift */,
				177EFF5F252564790080E53D /* MAMealDetailHeaderView.swift */,
				17001B902526167E00387122 /* MAMealDetailInstructionsView.swift */,
				17001B9525261FC900387122 /* MAMealDetailIngredientsView.swift */,
			);
			path = Views;
			sourceTree = "<group>";
		};
		17A48AAE2509B24700FB16D0 /* Models */ = {
			isa = PBXGroup;
			children = (
				17A48AAF2509B25100FB16D0 /* MACategoryModel.swift */,
				179DCBCD251EAB8D000BE6C4 /* MAMealModel.swift */,
			);
			path = Models;
			sourceTree = "<group>";
		};
		17A48AB12509B5B000FB16D0 /* Dummies */ = {
			isa = PBXGroup;
			children = (
				17A48AB22509B5FB00FB16D0 /* MACategoryDummies.swift */,
				1777C1EA25227324002F53E3 /* MAMealDummies.swift */,
			);
			path = Dummies;
			sourceTree = "<group>";
		};
		17A48AB62509B9F900FB16D0 /* Core */ = {
			isa = PBXGroup;
			children = (
				17A48AB72509BA1E00FB16D0 /* AppServiceMock.swift */,
				1738091F250B0F3100A2242E /* AuxiliarEnums.swift */,
				17380923250B13F100A2242E /* AppNavigatorSpy.swift */,
			);
			path = Core;
			sourceTree = "<group>";
		};
		17AE06472505A595006A53F6 /* Filter */ = {
			isa = PBXGroup;
			children = (
				17AE064C2505A5EA006A53F6 /* MAFilterCoordinator.swift */,
				17AE06482505A5AA006A53F6 /* MAFilterView.swift */,
				17AE064A2505A5C7006A53F6 /* MAFilterViewController.swift */,
				179664E12506F36700CFA3E9 /* MAFilterViewModel.swift */,
			);
			path = Filter;
			sourceTree = "<group>";
		};
		17B3D0E12505844A000DB66F /* App */ = {
			isa = PBXGroup;
			children = (
				17C7559225057B3D00D9AB36 /* AppDelegate.swift */,
				17C7559425057B3D00D9AB36 /* SceneDelegate.swift */,
				17B3D0ED25058664000DB66F /* AppNavigator.swift */,
				17B3D10025059A6B000DB66F /* AppCoordinator.swift */,
				17AE06452505A176006A53F6 /* AppService.swift */,
			);
			path = App;
			sourceTree = "<group>";
		};
		17B3D0E22505847B000DB66F /* Resources */ = {
			isa = PBXGroup;
			children = (
				17C7559B25057B4200D9AB36 /* Assets.xcassets */,
				17C7559D25057B4200D9AB36 /* LaunchScreen.storyboard */,
				17C755A025057B4200D9AB36 /* Info.plist */,
				17B3D0E72505852C000DB66F /* Localizable.strings */,
				17B3D0FB25058CBF000DB66F /* MAString.swift */,
			);
			path = Resources;
			sourceTree = "<group>";
		};
		17B3D0E825058614000DB66F /* General */ = {
			isa = PBXGroup;
			children = (
				17B3D0FD250590EB000DB66F /* Extensions */,
				17B3D0E925058619000DB66F /* Components */,
			);
			path = General;
			sourceTree = "<group>";
		};
		17B3D0E925058619000DB66F /* Components */ = {
			isa = PBXGroup;
			children = (
				172534352517FF760094B166 /* Neumorphic */,
				17B3D0EA25058628000DB66F /* MANavigationController.swift */,
				17B3D0EF25058723000DB66F /* BaseCoordinator.swift */,
				17B3D0F5250587B4000DB66F /* BaseViewController.swift */,
				17826C3D25196F040041BE97 /* MAErrorView.swift */,
			);
			path = Components;
			sourceTree = "<group>";
		};
		17B3D0F12505876B000DB66F /* Scenes */ = {
			isa = PBXGroup;
			children = (
				17B3D0F225058775000DB66F /* Categories */,
				17D145832523B09A00D00A58 /* CategoryDetail */,
				17AE06472505A595006A53F6 /* Filter */,
				171C88E425252918009B22A1 /* MealDetail */,
			);
			path = Scenes;
			sourceTree = "<group>";
		};
		17B3D0F225058775000DB66F /* Categories */ = {
			isa = PBXGroup;
			children = (
				17380925250B1D9F00A2242E /* Cells */,
				17B3D0F32505879D000DB66F /* MACategoriesCoordinator.swift */,
				179DCBCF251EACA9000BE6C4 /* MACategoriesModel.swift */,
				17B3D0F725058BC7000DB66F /* MACategoriesView.swift */,
				17B3D0F925058BF4000DB66F /* MACategoriesViewController.swift */,
				175C6B022506C6BD0041832D /* MACategoriesViewModel.swift */,
				17A48AAC2509B15900FB16D0 /* MACategoriesService.swift */,
			);
			path = Categories;
			sourceTree = "<group>";
		};
		17B3D0FD250590EB000DB66F /* Extensions */ = {
			isa = PBXGroup;
			children = (
				17B3D0FE25059127000DB66F /* String+Localized.swift */,
				1738091D250B0B0500A2242E /* UIViewController+Reactive.swift */,
			);
			path = Extensions;
			sourceTree = "<group>";
		};
		17C7558625057B3D00D9AB36 = {
			isa = PBXGroup;
			children = (
				17C7559125057B3D00D9AB36 /* MealApp */,
				17C755A825057B4200D9AB36 /* MealAppTests */,
				17C755B325057B4200D9AB36 /* MealAppUITests */,
				17C7559025057B3D00D9AB36 /* Products */,
				333F6C52436690D372251447 /* Pods */,
				01C5DE82C65C5B428E809267 /* Frameworks */,
			);
			sourceTree = "<group>";
		};
		17C7559025057B3D00D9AB36 /* Products */ = {
			isa = PBXGroup;
			children = (
				17C7558F25057B3D00D9AB36 /* MealApp.app */,
				17C755A525057B4200D9AB36 /* MealAppTests.xctest */,
				17C755B025057B4200D9AB36 /* MealAppUITests.xctest */,
			);
			name = Products;
			sourceTree = "<group>";
		};
		17C7559125057B3D00D9AB36 /* MealApp */ = {
			isa = PBXGroup;
			children = (
				17A48AAE2509B24700FB16D0 /* Models */,
				17B3D0E12505844A000DB66F /* App */,
				17B3D0E825058614000DB66F /* General */,
				17B3D0E22505847B000DB66F /* Resources */,
				17B3D0F12505876B000DB66F /* Scenes */,
			);
			path = MealApp;
			sourceTree = "<group>";
		};
		17C755A825057B4200D9AB36 /* MealAppTests */ = {
			isa = PBXGroup;
			children = (
				17A48AB62509B9F900FB16D0 /* Core */,
				17A48AB12509B5B000FB16D0 /* Dummies */,
				175C6B052506CBBA0041832D /* Scenes */,
				175C6B042506CBB30041832D /* Extensions */,
				17C755AB25057B4200D9AB36 /* Info.plist */,
			);
			path = MealAppTests;
			sourceTree = "<group>";
		};
		17C755B325057B4200D9AB36 /* MealAppUITests */ = {
			isa = PBXGroup;
			children = (
				17C755B625057B4200D9AB36 /* Info.plist */,
				17F0E6A92509C1E000655B6A /* MealAppUITests.swift */,
			);
			path = MealAppUITests;
			sourceTree = "<group>";
		};
		17D145832523B09A00D00A58 /* CategoryDetail */ = {
			isa = PBXGroup;
			children = (
				17D145B82523BE4200D00A58 /* Cells */,
				17D145AD2523B78000D00A58 /* MACatDetailCoordinator.swift */,
				17D145892523B2F700D00A58 /* MACatDetailModel.swift */,
				17D145C92523DB7000D00A58 /* MACatDetailView.swift */,
				17D145CE2523DDF800D00A58 /* MACatDetailViewController.swift */,
				17D145972523B71B00D00A58 /* MACatDetailViewModel.swift */,
				17D145842523B0B900D00A58 /* MACatDetailService.swift */,
			);
			path = CategoryDetail;
			sourceTree = "<group>";
		};
		17D1458E2523B4C200D00A58 /* CategoryDetail */ = {
			isa = PBXGroup;
			children = (
				17D145DB2523EC8300D00A58 /* MACatDetailCoordinatorTests.swift */,
				17D1458F2523B4D300D00A58 /* MACatDetailServiceTests.swift */,
				17D145B22523BBC700D00A58 /* MACatDetailViewModelTests.swift */,
				17D145D32523E0B500D00A58 /* MACatDetailViewControllerTests.swift */,
			);
			path = CategoryDetail;
			sourceTree = "<group>";
		};
		17D145B82523BE4200D00A58 /* Cells */ = {
			isa = PBXGroup;
			children = (
				17D145B92523BED000D00A58 /* MACatDetailHeaderCell.swift */,
				17D145C12523C05600D00A58 /* MACatDetailMealCell.swift */,
			);
			path = Cells;
			sourceTree = "<group>";
		};
		333F6C52436690D372251447 /* Pods */ = {
			isa = PBXGroup;
			children = (
				892FBC55FD148FFE5DEBA8A8 /* Pods-MealApp.debug.xcconfig */,
				42E5F5C0DF6D1CFB3D0BCE22 /* Pods-MealApp.release.xcconfig */,
				690359AD27F6DB4E88658ED9 /* Pods-MealApp-MealAppUITests.debug.xcconfig */,
				BF40E031324F9E87CCB30478 /* Pods-MealApp-MealAppUITests.release.xcconfig */,
				3A15CDF2F838086347CCAA09 /* Pods-MealAppTests.debug.xcconfig */,
				600011BCA3AC8891CD7EBD40 /* Pods-MealAppTests.release.xcconfig */,
			);
			path = Pods;
			sourceTree = "<group>";
		};
/* End PBXGroup section */

/* Begin PBXNativeTarget section */
		17C7558E25057B3D00D9AB36 /* MealApp */ = {
			isa = PBXNativeTarget;
			buildConfigurationList = 17C755B925057B4200D9AB36 /* Build configuration list for PBXNativeTarget "MealApp" */;
			buildPhases = (
				1A26C4CF091AE607CB1081D8 /* [CP] Check Pods Manifest.lock */,
				173537FC25057D8300E529BA /* SwiftFormat */,
				17C7558B25057B3D00D9AB36 /* Sources */,
				17C7558C25057B3D00D9AB36 /* Frameworks */,
				17C7558D25057B3D00D9AB36 /* Resources */,
				173537FD25057DA300E529BA /* SwiftLint */,
				3646C87F9955F5672DEBB112 /* [CP] Embed Pods Frameworks */,
			);
			buildRules = (
			);
			dependencies = (
			);
			name = MealApp;
			productName = MealApp;
			productReference = 17C7558F25057B3D00D9AB36 /* MealApp.app */;
			productType = "com.apple.product-type.application";
		};
		17C755A425057B4200D9AB36 /* MealAppTests */ = {
			isa = PBXNativeTarget;
			buildConfigurationList = 17C755BC25057B4200D9AB36 /* Build configuration list for PBXNativeTarget "MealAppTests" */;
			buildPhases = (
				5A8D8855B42B3B4CE8810785 /* [CP] Check Pods Manifest.lock */,
				17C755A125057B4200D9AB36 /* Sources */,
				17C755A225057B4200D9AB36 /* Frameworks */,
				17C755A325057B4200D9AB36 /* Resources */,
				ED3C1271FA311DE18608EF71 /* [CP] Embed Pods Frameworks */,
			);
			buildRules = (
			);
			dependencies = (
				17C755A725057B4200D9AB36 /* PBXTargetDependency */,
			);
			name = MealAppTests;
			productName = MealAppTests;
			productReference = 17C755A525057B4200D9AB36 /* MealAppTests.xctest */;
			productType = "com.apple.product-type.bundle.unit-test";
		};
		17C755AF25057B4200D9AB36 /* MealAppUITests */ = {
			isa = PBXNativeTarget;
			buildConfigurationList = 17C755BF25057B4200D9AB36 /* Build configuration list for PBXNativeTarget "MealAppUITests" */;
			buildPhases = (
				8AE7562743A0E57B4D09C1A6 /* [CP] Check Pods Manifest.lock */,
				17C755AC25057B4200D9AB36 /* Sources */,
				17C755AD25057B4200D9AB36 /* Frameworks */,
				17C755AE25057B4200D9AB36 /* Resources */,
				3C68ED9D2F1859567FCED34D /* [CP] Embed Pods Frameworks */,
			);
			buildRules = (
			);
			dependencies = (
				17C755B225057B4200D9AB36 /* PBXTargetDependency */,
			);
			name = MealAppUITests;
			productName = MealAppUITests;
			productReference = 17C755B025057B4200D9AB36 /* MealAppUITests.xctest */;
			productType = "com.apple.product-type.bundle.ui-testing";
		};
/* End PBXNativeTarget section */

/* Begin PBXProject section */
		17C7558725057B3D00D9AB36 /* Project object */ = {
			isa = PBXProject;
			attributes = {
				LastSwiftUpdateCheck = 1150;
				LastUpgradeCheck = 1200;
				ORGANIZATIONNAME = "Matheus Alano";
				TargetAttributes = {
					17C7558E25057B3D00D9AB36 = {
						CreatedOnToolsVersion = 11.5;
					};
					17C755A425057B4200D9AB36 = {
						CreatedOnToolsVersion = 11.5;
						LastSwiftMigration = 1150;
						TestTargetID = 17C7558E25057B3D00D9AB36;
					};
					17C755AF25057B4200D9AB36 = {
						CreatedOnToolsVersion = 11.5;
						LastSwiftMigration = 1170;
						TestTargetID = 17C7558E25057B3D00D9AB36;
					};
				};
			};
			buildConfigurationList = 17C7558A25057B3D00D9AB36 /* Build configuration list for PBXProject "MealApp" */;
			compatibilityVersion = "Xcode 9.3";
			developmentRegion = en;
			hasScannedForEncodings = 0;
			knownRegions = (
				en,
				Base,
			);
			mainGroup = 17C7558625057B3D00D9AB36;
			productRefGroup = 17C7559025057B3D00D9AB36 /* Products */;
			projectDirPath = "";
			projectRoot = "";
			targets = (
				17C7558E25057B3D00D9AB36 /* MealApp */,
				17C755A425057B4200D9AB36 /* MealAppTests */,
				17C755AF25057B4200D9AB36 /* MealAppUITests */,
			);
		};
/* End PBXProject section */

/* Begin PBXResourcesBuildPhase section */
		17C7558D25057B3D00D9AB36 /* Resources */ = {
			isa = PBXResourcesBuildPhase;
			buildActionMask = 2147483647;
			files = (
				17C7559F25057B4200D9AB36 /* LaunchScreen.storyboard in Resources */,
				17B3D0E52505852C000DB66F /* Localizable.strings in Resources */,
				17C7559C25057B4200D9AB36 /* Assets.xcassets in Resources */,
			);
			runOnlyForDeploymentPostprocessing = 0;
		};
		17C755A325057B4200D9AB36 /* Resources */ = {
			isa = PBXResourcesBuildPhase;
			buildActionMask = 2147483647;
			files = (
			);
			runOnlyForDeploymentPostprocessing = 0;
		};
		17C755AE25057B4200D9AB36 /* Resources */ = {
			isa = PBXResourcesBuildPhase;
			buildActionMask = 2147483647;
			files = (
			);
			runOnlyForDeploymentPostprocessing = 0;
		};
/* End PBXResourcesBuildPhase section */

/* Begin PBXShellScriptBuildPhase section */
		173537FC25057D8300E529BA /* SwiftFormat */ = {
			isa = PBXShellScriptBuildPhase;
			buildActionMask = 2147483647;
			files = (
			);
			inputFileListPaths = (
			);
			inputPaths = (
			);
			name = SwiftFormat;
			outputFileListPaths = (
			);
			outputPaths = (
			);
			runOnlyForDeploymentPostprocessing = 0;
			shellPath = /bin/sh;
			shellScript = "\"${PODS_ROOT}/SwiftFormat/CommandLineTool/swiftformat\" \"$SRCROOT\"\n";
		};
		173537FD25057DA300E529BA /* SwiftLint */ = {
			isa = PBXShellScriptBuildPhase;
			buildActionMask = 2147483647;
			files = (
			);
			inputFileListPaths = (
			);
			inputPaths = (
			);
			name = SwiftLint;
			outputFileListPaths = (
			);
			outputPaths = (
			);
			runOnlyForDeploymentPostprocessing = 0;
			shellPath = /bin/sh;
			shellScript = "\"${PODS_ROOT}/SwiftLint/swiftlint\"\n";
		};
		1A26C4CF091AE607CB1081D8 /* [CP] Check Pods Manifest.lock */ = {
			isa = PBXShellScriptBuildPhase;
			buildActionMask = 2147483647;
			files = (
			);
			inputFileListPaths = (
			);
			inputPaths = (
				"${PODS_PODFILE_DIR_PATH}/Podfile.lock",
				"${PODS_ROOT}/Manifest.lock",
			);
			name = "[CP] Check Pods Manifest.lock";
			outputFileListPaths = (
			);
			outputPaths = (
				"$(DERIVED_FILE_DIR)/Pods-MealApp-checkManifestLockResult.txt",
			);
			runOnlyForDeploymentPostprocessing = 0;
			shellPath = /bin/sh;
			shellScript = "diff \"${PODS_PODFILE_DIR_PATH}/Podfile.lock\" \"${PODS_ROOT}/Manifest.lock\" > /dev/null\nif [ $? != 0 ] ; then\n    # print error to STDERR\n    echo \"error: The sandbox is not in sync with the Podfile.lock. Run 'pod install' or update your CocoaPods installation.\" >&2\n    exit 1\nfi\n# This output is used by Xcode 'outputs' to avoid re-running this script phase.\necho \"SUCCESS\" > \"${SCRIPT_OUTPUT_FILE_0}\"\n";
			showEnvVarsInLog = 0;
		};
		3646C87F9955F5672DEBB112 /* [CP] Embed Pods Frameworks */ = {
			isa = PBXShellScriptBuildPhase;
			buildActionMask = 2147483647;
			files = (
			);
			inputFileListPaths = (
				"${PODS_ROOT}/Target Support Files/Pods-MealApp/Pods-MealApp-frameworks-${CONFIGURATION}-input-files.xcfilelist",
			);
			name = "[CP] Embed Pods Frameworks";
			outputFileListPaths = (
				"${PODS_ROOT}/Target Support Files/Pods-MealApp/Pods-MealApp-frameworks-${CONFIGURATION}-output-files.xcfilelist",
			);
			runOnlyForDeploymentPostprocessing = 0;
			shellPath = /bin/sh;
			shellScript = "\"${PODS_ROOT}/Target Support Files/Pods-MealApp/Pods-MealApp-frameworks.sh\"\n";
			showEnvVarsInLog = 0;
		};
		3C68ED9D2F1859567FCED34D /* [CP] Embed Pods Frameworks */ = {
			isa = PBXShellScriptBuildPhase;
			buildActionMask = 2147483647;
			files = (
			);
			inputFileListPaths = (
				"${PODS_ROOT}/Target Support Files/Pods-MealApp-MealAppUITests/Pods-MealApp-MealAppUITests-frameworks-${CONFIGURATION}-input-files.xcfilelist",
			);
			name = "[CP] Embed Pods Frameworks";
			outputFileListPaths = (
				"${PODS_ROOT}/Target Support Files/Pods-MealApp-MealAppUITests/Pods-MealApp-MealAppUITests-frameworks-${CONFIGURATION}-output-files.xcfilelist",
			);
			runOnlyForDeploymentPostprocessing = 0;
			shellPath = /bin/sh;
			shellScript = "\"${PODS_ROOT}/Target Support Files/Pods-MealApp-MealAppUITests/Pods-MealApp-MealAppUITests-frameworks.sh\"\n";
			showEnvVarsInLog = 0;
		};
		5A8D8855B42B3B4CE8810785 /* [CP] Check Pods Manifest.lock */ = {
			isa = PBXShellScriptBuildPhase;
			buildActionMask = 2147483647;
			files = (
			);
			inputFileListPaths = (
			);
			inputPaths = (
				"${PODS_PODFILE_DIR_PATH}/Podfile.lock",
				"${PODS_ROOT}/Manifest.lock",
			);
			name = "[CP] Check Pods Manifest.lock";
			outputFileListPaths = (
			);
			outputPaths = (
				"$(DERIVED_FILE_DIR)/Pods-MealAppTests-checkManifestLockResult.txt",
			);
			runOnlyForDeploymentPostprocessing = 0;
			shellPath = /bin/sh;
			shellScript = "diff \"${PODS_PODFILE_DIR_PATH}/Podfile.lock\" \"${PODS_ROOT}/Manifest.lock\" > /dev/null\nif [ $? != 0 ] ; then\n    # print error to STDERR\n    echo \"error: The sandbox is not in sync with the Podfile.lock. Run 'pod install' or update your CocoaPods installation.\" >&2\n    exit 1\nfi\n# This output is used by Xcode 'outputs' to avoid re-running this script phase.\necho \"SUCCESS\" > \"${SCRIPT_OUTPUT_FILE_0}\"\n";
			showEnvVarsInLog = 0;
		};
		8AE7562743A0E57B4D09C1A6 /* [CP] Check Pods Manifest.lock */ = {
			isa = PBXShellScriptBuildPhase;
			buildActionMask = 2147483647;
			files = (
			);
			inputFileListPaths = (
			);
			inputPaths = (
				"${PODS_PODFILE_DIR_PATH}/Podfile.lock",
				"${PODS_ROOT}/Manifest.lock",
			);
			name = "[CP] Check Pods Manifest.lock";
			outputFileListPaths = (
			);
			outputPaths = (
				"$(DERIVED_FILE_DIR)/Pods-MealApp-MealAppUITests-checkManifestLockResult.txt",
			);
			runOnlyForDeploymentPostprocessing = 0;
			shellPath = /bin/sh;
			shellScript = "diff \"${PODS_PODFILE_DIR_PATH}/Podfile.lock\" \"${PODS_ROOT}/Manifest.lock\" > /dev/null\nif [ $? != 0 ] ; then\n    # print error to STDERR\n    echo \"error: The sandbox is not in sync with the Podfile.lock. Run 'pod install' or update your CocoaPods installation.\" >&2\n    exit 1\nfi\n# This output is used by Xcode 'outputs' to avoid re-running this script phase.\necho \"SUCCESS\" > \"${SCRIPT_OUTPUT_FILE_0}\"\n";
			showEnvVarsInLog = 0;
		};
		ED3C1271FA311DE18608EF71 /* [CP] Embed Pods Frameworks */ = {
			isa = PBXShellScriptBuildPhase;
			buildActionMask = 2147483647;
			files = (
			);
			inputFileListPaths = (
				"${PODS_ROOT}/Target Support Files/Pods-MealAppTests/Pods-MealAppTests-frameworks-${CONFIGURATION}-input-files.xcfilelist",
			);
			name = "[CP] Embed Pods Frameworks";
			outputFileListPaths = (
				"${PODS_ROOT}/Target Support Files/Pods-MealAppTests/Pods-MealAppTests-frameworks-${CONFIGURATION}-output-files.xcfilelist",
			);
			runOnlyForDeploymentPostprocessing = 0;
			shellPath = /bin/sh;
			shellScript = "\"${PODS_ROOT}/Target Support Files/Pods-MealAppTests/Pods-MealAppTests-frameworks.sh\"\n";
			showEnvVarsInLog = 0;
		};
/* End PBXShellScriptBuildPhase section */

/* Begin PBXSourcesBuildPhase section */
		17C7558B25057B3D00D9AB36 /* Sources */ = {
			isa = PBXSourcesBuildPhase;
			buildActionMask = 2147483647;
			files = (
				1738091E250B0B0500A2242E /* UIViewController+Reactive.swift in Sources */,
				17AE06492505A5AA006A53F6 /* MAFilterView.swift in Sources */,
				17B3D10125059A6B000DB66F /* AppCoordinator.swift in Sources */,
				17D145852523B0B900D00A58 /* MACatDetailService.swift in Sources */,
				17B3D0FC25058CBF000DB66F /* MAString.swift in Sources */,
				17D145C22523C05600D00A58 /* MACatDetailMealCell.swift in Sources */,
				172534372517FF970094B166 /* MANeumorphicView.swift in Sources */,
				17B3D0F825058BC7000DB66F /* MACategoriesView.swift in Sources */,
				17D145CA2523DB7000D00A58 /* MACatDetailView.swift in Sources */,
				17B3D0F42505879D000DB66F /* MACategoriesCoordinator.swift in Sources */,
				179DCBCB251E834B000BE6C4 /* MACategoriesMealCell.swift in Sources */,
				171C88EE2525292E009B22A1 /* MAMealDetailModel.swift in Sources */,
				17B3D0F025058723000DB66F /* BaseCoordinator.swift in Sources */,
				178FC7352514336300122E8E /* MANeumorphicLayer.swift in Sources */,
				17AE06462505A176006A53F6 /* AppService.swift in Sources */,
				179DCBD0251EACA9000BE6C4 /* MACategoriesModel.swift in Sources */,
				175C6B032506C6BD0041832D /* MACategoriesViewModel.swift in Sources */,
				17D145982523B71B00D00A58 /* MACatDetailViewModel.swift in Sources */,
				17B3D0EB25058628000DB66F /* MANavigationController.swift in Sources */,
				17B3D0EE25058664000DB66F /* AppNavigator.swift in Sources */,
				17D145BA2523BED000D00A58 /* MACatDetailHeaderCell.swift in Sources */,
				177EFF60252564790080E53D /* MAMealDetailHeaderView.swift in Sources */,
				179664E22506F36700CFA3E9 /* MAFilterViewModel.swift in Sources */,
				17C7559325057B3D00D9AB36 /* AppDelegate.swift in Sources */,
				17D145CF2523DDF800D00A58 /* MACatDetailViewController.swift in Sources */,
				17B3D0F6250587B4000DB66F /* BaseViewController.swift in Sources */,
				171C88EB2525292E009B22A1 /* MAMealDetailCoordinator.swift in Sources */,
				17D145AE2523B78000D00A58 /* MACatDetailCoordinator.swift in Sources */,
				171C88ED2525292E009B22A1 /* MAMealDetailView.swift in Sources */,
				17826C3E25196F040041BE97 /* MAErrorView.swift in Sources */,
				171C88EF2525292E009B22A1 /* MAMealDetailViewModel.swift in Sources */,
				17C7559525057B3D00D9AB36 /* SceneDelegate.swift in Sources */,
				17D1458A2523B2F700D00A58 /* MACatDetailModel.swift in Sources */,
				17AE064D2505A5EA006A53F6 /* MAFilterCoordinator.swift in Sources */,
				171C88EC2525292E009B22A1 /* MAMealDetailViewController.swift in Sources */,
				17A48AAD2509B15900FB16D0 /* MACategoriesService.swift in Sources */,
				17AE064B2505A5C7006A53F6 /* MAFilterViewController.swift in Sources */,
				17001B912526167E00387122 /* MAMealDetailInstructionsView.swift in Sources */,
				17A48AB02509B25100FB16D0 /* MACategoryModel.swift in Sources */,
				179DCBCE251EAB8D000BE6C4 /* MAMealModel.swift in Sources */,
				17B3D0FF25059127000DB66F /* String+Localized.swift in Sources */,
				17001B9625261FC900387122 /* MAMealDetailIngredientsView.swift in Sources */,
				171C88F02525292E009B22A1 /* MAMealDetailService.swift in Sources */,
				17B3D0FA25058BF4000DB66F /* MACategoriesViewController.swift in Sources */,
				17380927250B1DB300A2242E /* MACategoriesCell.swift in Sources */,
			);
			runOnlyForDeploymentPostprocessing = 0;
		};
		17C755A125057B4200D9AB36 /* Sources */ = {
			isa = PBXSourcesBuildPhase;
			buildActionMask = 2147483647;
			files = (
				175D281325290C0300CD8655 /* MAMealDetailCoordinatorTests.swift in Sources */,
				17D145B32523BBC700D00A58 /* MACatDetailViewModelTests.swift in Sources */,
				17D145D42523E0B500D00A58 /* MACatDetailViewControllerTests.swift in Sources */,
				17380922250B13D500A2242E /* MACategoriesCoordinatorTests.swift in Sources */,
				17380920250B0F3100A2242E /* AuxiliarEnums.swift in Sources */,
				17D145DC2523EC8300D00A58 /* MACatDetailCoordinatorTests.swift in Sources */,
				17D145902523B4D300D00A58 /* MACatDetailServiceTests.swift in Sources */,
				177EFF5A2525624F0080E53D /* MAMealDetailViewModelTests.swift in Sources */,
				172222E72511951E007BDF43 /* MACategoriesViewControllerTests.swift in Sources */,
				17A48AB52509B67D00FB16D0 /* MACategoriesServiceTests.swift in Sources */,
				17380924250B13F100A2242E /* AppNavigatorSpy.swift in Sources */,
				17001BAB2527E1FC00387122 /* MAMealDetailViewControllerTests.swift in Sources */,
				17670E0625183BD6009AF6D4 /* Nimble+Snapshot.swift in Sources */,
				175C6B082506CBDF0041832D /* MACategoriesViewModelTests.swift in Sources */,
				1777C1EB25227324002F53E3 /* MAMealDummies.swift in Sources */,
				1720BBE52506FEBC00C332CE /* MAFilterViewModelTests.swift in Sources */,
				17A48AB32509B5FB00FB16D0 /* MACategoryDummies.swift in Sources */,
				175C6B0A2506CC260041832D /* QuickSpec+BDT.swift in Sources */,
				17A48AB82509BA1E00FB16D0 /* AppServiceMock.swift in Sources */,
				171C88F925253722009B22A1 /* MAMealDetailServiceTests.swift in Sources */,
			);
			runOnlyForDeploymentPostprocessing = 0;
		};
		17C755AC25057B4200D9AB36 /* Sources */ = {
			isa = PBXSourcesBuildPhase;
			buildActionMask = 2147483647;
			files = (
				17F0E6AA2509C1E000655B6A /* MealAppUITests.swift in Sources */,
			);
			runOnlyForDeploymentPostprocessing = 0;
		};
/* End PBXSourcesBuildPhase section */

/* Begin PBXTargetDependency section */
		17C755A725057B4200D9AB36 /* PBXTargetDependency */ = {
			isa = PBXTargetDependency;
			target = 17C7558E25057B3D00D9AB36 /* MealApp */;
			targetProxy = 17C755A625057B4200D9AB36 /* PBXContainerItemProxy */;
		};
		17C755B225057B4200D9AB36 /* PBXTargetDependency */ = {
			isa = PBXTargetDependency;
			target = 17C7558E25057B3D00D9AB36 /* MealApp */;
			targetProxy = 17C755B125057B4200D9AB36 /* PBXContainerItemProxy */;
		};
/* End PBXTargetDependency section */

/* Begin PBXVariantGroup section */
		17B3D0E72505852C000DB66F /* Localizable.strings */ = {
			isa = PBXVariantGroup;
			children = (
				17B3D0E62505852C000DB66F /* en */,
			);
			name = Localizable.strings;
			sourceTree = "<group>";
		};
		17C7559D25057B4200D9AB36 /* LaunchScreen.storyboard */ = {
			isa = PBXVariantGroup;
			children = (
				17C7559E25057B4200D9AB36 /* Base */,
			);
			name = LaunchScreen.storyboard;
			sourceTree = "<group>";
		};
/* End PBXVariantGroup section */

/* Begin XCBuildConfiguration section */
		17C755B725057B4200D9AB36 /* Debug */ = {
			isa = XCBuildConfiguration;
			buildSettings = {
				ALWAYS_SEARCH_USER_PATHS = NO;
				CLANG_ANALYZER_NONNULL = YES;
				CLANG_ANALYZER_NUMBER_OBJECT_CONVERSION = YES_AGGRESSIVE;
				CLANG_CXX_LANGUAGE_STANDARD = "gnu++14";
				CLANG_CXX_LIBRARY = "libc++";
				CLANG_ENABLE_MODULES = YES;
				CLANG_ENABLE_OBJC_ARC = YES;
				CLANG_ENABLE_OBJC_WEAK = YES;
				CLANG_WARN_BLOCK_CAPTURE_AUTORELEASING = YES;
				CLANG_WARN_BOOL_CONVERSION = YES;
				CLANG_WARN_COMMA = YES;
				CLANG_WARN_CONSTANT_CONVERSION = YES;
				CLANG_WARN_DEPRECATED_OBJC_IMPLEMENTATIONS = YES;
				CLANG_WARN_DIRECT_OBJC_ISA_USAGE = YES_ERROR;
				CLANG_WARN_DOCUMENTATION_COMMENTS = YES;
				CLANG_WARN_EMPTY_BODY = YES;
				CLANG_WARN_ENUM_CONVERSION = YES;
				CLANG_WARN_INFINITE_RECURSION = YES;
				CLANG_WARN_INT_CONVERSION = YES;
				CLANG_WARN_NON_LITERAL_NULL_CONVERSION = YES;
				CLANG_WARN_OBJC_IMPLICIT_RETAIN_SELF = YES;
				CLANG_WARN_OBJC_LITERAL_CONVERSION = YES;
				CLANG_WARN_OBJC_ROOT_CLASS = YES_ERROR;
				CLANG_WARN_QUOTED_INCLUDE_IN_FRAMEWORK_HEADER = YES;
				CLANG_WARN_RANGE_LOOP_ANALYSIS = YES;
				CLANG_WARN_STRICT_PROTOTYPES = YES;
				CLANG_WARN_SUSPICIOUS_MOVE = YES;
				CLANG_WARN_UNGUARDED_AVAILABILITY = YES_AGGRESSIVE;
				CLANG_WARN_UNREACHABLE_CODE = YES;
				CLANG_WARN__DUPLICATE_METHOD_MATCH = YES;
				COPY_PHASE_STRIP = NO;
				DEBUG_INFORMATION_FORMAT = dwarf;
				ENABLE_STRICT_OBJC_MSGSEND = YES;
				ENABLE_TESTABILITY = YES;
				GCC_C_LANGUAGE_STANDARD = gnu11;
				GCC_DYNAMIC_NO_PIC = NO;
				GCC_NO_COMMON_BLOCKS = YES;
				GCC_OPTIMIZATION_LEVEL = 0;
				GCC_PREPROCESSOR_DEFINITIONS = (
					"DEBUG=1",
					"$(inherited)",
				);
				GCC_WARN_64_TO_32_BIT_CONVERSION = YES;
				GCC_WARN_ABOUT_RETURN_TYPE = YES_ERROR;
				GCC_WARN_UNDECLARED_SELECTOR = YES;
				GCC_WARN_UNINITIALIZED_AUTOS = YES_AGGRESSIVE;
				GCC_WARN_UNUSED_FUNCTION = YES;
				GCC_WARN_UNUSED_VARIABLE = YES;
				IPHONEOS_DEPLOYMENT_TARGET = 13.5;
				MTL_ENABLE_DEBUG_INFO = INCLUDE_SOURCE;
				MTL_FAST_MATH = YES;
				ONLY_ACTIVE_ARCH = YES;
				SDKROOT = iphoneos;
				SWIFT_ACTIVE_COMPILATION_CONDITIONS = DEBUG;
				SWIFT_OPTIMIZATION_LEVEL = "-Onone";
			};
			name = Debug;
		};
		17C755B825057B4200D9AB36 /* Release */ = {
			isa = XCBuildConfiguration;
			buildSettings = {
				ALWAYS_SEARCH_USER_PATHS = NO;
				CLANG_ANALYZER_NONNULL = YES;
				CLANG_ANALYZER_NUMBER_OBJECT_CONVERSION = YES_AGGRESSIVE;
				CLANG_CXX_LANGUAGE_STANDARD = "gnu++14";
				CLANG_CXX_LIBRARY = "libc++";
				CLANG_ENABLE_MODULES = YES;
				CLANG_ENABLE_OBJC_ARC = YES;
				CLANG_ENABLE_OBJC_WEAK = YES;
				CLANG_WARN_BLOCK_CAPTURE_AUTORELEASING = YES;
				CLANG_WARN_BOOL_CONVERSION = YES;
				CLANG_WARN_COMMA = YES;
				CLANG_WARN_CONSTANT_CONVERSION = YES;
				CLANG_WARN_DEPRECATED_OBJC_IMPLEMENTATIONS = YES;
				CLANG_WARN_DIRECT_OBJC_ISA_USAGE = YES_ERROR;
				CLANG_WARN_DOCUMENTATION_COMMENTS = YES;
				CLANG_WARN_EMPTY_BODY = YES;
				CLANG_WARN_ENUM_CONVERSION = YES;
				CLANG_WARN_INFINITE_RECURSION = YES;
				CLANG_WARN_INT_CONVERSION = YES;
				CLANG_WARN_NON_LITERAL_NULL_CONVERSION = YES;
				CLANG_WARN_OBJC_IMPLICIT_RETAIN_SELF = YES;
				CLANG_WARN_OBJC_LITERAL_CONVERSION = YES;
				CLANG_WARN_OBJC_ROOT_CLASS = YES_ERROR;
				CLANG_WARN_QUOTED_INCLUDE_IN_FRAMEWORK_HEADER = YES;
				CLANG_WARN_RANGE_LOOP_ANALYSIS = YES;
				CLANG_WARN_STRICT_PROTOTYPES = YES;
				CLANG_WARN_SUSPICIOUS_MOVE = YES;
				CLANG_WARN_UNGUARDED_AVAILABILITY = YES_AGGRESSIVE;
				CLANG_WARN_UNREACHABLE_CODE = YES;
				CLANG_WARN__DUPLICATE_METHOD_MATCH = YES;
				COPY_PHASE_STRIP = NO;
				DEBUG_INFORMATION_FORMAT = "dwarf-with-dsym";
				ENABLE_NS_ASSERTIONS = NO;
				ENABLE_STRICT_OBJC_MSGSEND = YES;
				GCC_C_LANGUAGE_STANDARD = gnu11;
				GCC_NO_COMMON_BLOCKS = YES;
				GCC_WARN_64_TO_32_BIT_CONVERSION = YES;
				GCC_WARN_ABOUT_RETURN_TYPE = YES_ERROR;
				GCC_WARN_UNDECLARED_SELECTOR = YES;
				GCC_WARN_UNINITIALIZED_AUTOS = YES_AGGRESSIVE;
				GCC_WARN_UNUSED_FUNCTION = YES;
				GCC_WARN_UNUSED_VARIABLE = YES;
				IPHONEOS_DEPLOYMENT_TARGET = 13.5;
				MTL_ENABLE_DEBUG_INFO = NO;
				MTL_FAST_MATH = YES;
				SDKROOT = iphoneos;
				SWIFT_COMPILATION_MODE = wholemodule;
				SWIFT_OPTIMIZATION_LEVEL = "-O";
				VALIDATE_PRODUCT = YES;
			};
			name = Release;
		};
		17C755BA25057B4200D9AB36 /* Debug */ = {
			isa = XCBuildConfiguration;
			baseConfigurationReference = 892FBC55FD148FFE5DEBA8A8 /* Pods-MealApp.debug.xcconfig */;
			buildSettings = {
				ASSETCATALOG_COMPILER_APPICON_NAME = AppIcon;
				CODE_SIGN_STYLE = Automatic;
				DEVELOPMENT_TEAM = S267HCZ2HP;
				INFOPLIST_FILE = MealApp/Resources/Info.plist;
				LD_RUNPATH_SEARCH_PATHS = (
					"$(inherited)",
					"@executable_path/Frameworks",
				);
				PRODUCT_BUNDLE_IDENTIFIER = com.matheusalano.MealApp;
				PRODUCT_NAME = "$(TARGET_NAME)";
				SWIFT_VERSION = 5.0;
				TARGETED_DEVICE_FAMILY = "1,2";
			};
			name = Debug;
		};
		17C755BB25057B4200D9AB36 /* Release */ = {
			isa = XCBuildConfiguration;
			baseConfigurationReference = 42E5F5C0DF6D1CFB3D0BCE22 /* Pods-MealApp.release.xcconfig */;
			buildSettings = {
				ASSETCATALOG_COMPILER_APPICON_NAME = AppIcon;
				CODE_SIGN_STYLE = Automatic;
				DEVELOPMENT_TEAM = S267HCZ2HP;
				INFOPLIST_FILE = MealApp/Resources/Info.plist;
				LD_RUNPATH_SEARCH_PATHS = (
					"$(inherited)",
					"@executable_path/Frameworks",
				);
				PRODUCT_BUNDLE_IDENTIFIER = com.matheusalano.MealApp;
				PRODUCT_NAME = "$(TARGET_NAME)";
				SWIFT_VERSION = 5.0;
				TARGETED_DEVICE_FAMILY = "1,2";
			};
			name = Release;
		};
		17C755BD25057B4200D9AB36 /* Debug */ = {
			isa = XCBuildConfiguration;
			baseConfigurationReference = 3A15CDF2F838086347CCAA09 /* Pods-MealAppTests.debug.xcconfig */;
			buildSettings = {
				ALWAYS_EMBED_SWIFT_STANDARD_LIBRARIES = YES;
				BUNDLE_LOADER = "$(TEST_HOST)";
				CLANG_ENABLE_MODULES = YES;
				CODE_SIGN_STYLE = Automatic;
				DEVELOPMENT_TEAM = S267HCZ2HP;
				INFOPLIST_FILE = MealAppTests/Info.plist;
				IPHONEOS_DEPLOYMENT_TARGET = 13.5;
				LD_RUNPATH_SEARCH_PATHS = (
					"$(inherited)",
					"@executable_path/Frameworks",
					"@loader_path/Frameworks",
				);
				PRODUCT_BUNDLE_IDENTIFIER = com.matheusalano.MealAppTests;
				PRODUCT_NAME = "$(TARGET_NAME)";
				SWIFT_OPTIMIZATION_LEVEL = "-Onone";
				SWIFT_VERSION = 5.0;
				TARGETED_DEVICE_FAMILY = "1,2";
				TEST_HOST = "$(BUILT_PRODUCTS_DIR)/MealApp.app/MealApp";
			};
			name = Debug;
		};
		17C755BE25057B4200D9AB36 /* Release */ = {
			isa = XCBuildConfiguration;
			baseConfigurationReference = 600011BCA3AC8891CD7EBD40 /* Pods-MealAppTests.release.xcconfig */;
			buildSettings = {
				ALWAYS_EMBED_SWIFT_STANDARD_LIBRARIES = YES;
				BUNDLE_LOADER = "$(TEST_HOST)";
				CLANG_ENABLE_MODULES = YES;
				CODE_SIGN_STYLE = Automatic;
				DEVELOPMENT_TEAM = S267HCZ2HP;
				INFOPLIST_FILE = MealAppTests/Info.plist;
				IPHONEOS_DEPLOYMENT_TARGET = 13.5;
				LD_RUNPATH_SEARCH_PATHS = (
					"$(inherited)",
					"@executable_path/Frameworks",
					"@loader_path/Frameworks",
				);
				PRODUCT_BUNDLE_IDENTIFIER = com.matheusalano.MealAppTests;
				PRODUCT_NAME = "$(TARGET_NAME)";
				SWIFT_VERSION = 5.0;
				TARGETED_DEVICE_FAMILY = "1,2";
				TEST_HOST = "$(BUILT_PRODUCTS_DIR)/MealApp.app/MealApp";
			};
			name = Release;
		};
		17C755C025057B4200D9AB36 /* Debug */ = {
			isa = XCBuildConfiguration;
			baseConfigurationReference = 690359AD27F6DB4E88658ED9 /* Pods-MealApp-MealAppUITests.debug.xcconfig */;
			buildSettings = {
				ALWAYS_EMBED_SWIFT_STANDARD_LIBRARIES = YES;
				CLANG_ENABLE_MODULES = YES;
				CODE_SIGN_STYLE = Automatic;
				DEVELOPMENT_TEAM = S267HCZ2HP;
				INFOPLIST_FILE = MealAppUITests/Info.plist;
				LD_RUNPATH_SEARCH_PATHS = (
					"$(inherited)",
					"@executable_path/Frameworks",
					"@loader_path/Frameworks",
				);
				PRODUCT_BUNDLE_IDENTIFIER = com.matheusalano.MealAppUITests;
				PRODUCT_NAME = "$(TARGET_NAME)";
				SWIFT_OPTIMIZATION_LEVEL = "-Onone";
				SWIFT_VERSION = 5.0;
				TARGETED_DEVICE_FAMILY = "1,2";
				TEST_TARGET_NAME = MealApp;
			};
			name = Debug;
		};
		17C755C125057B4200D9AB36 /* Release */ = {
			isa = XCBuildConfiguration;
			baseConfigurationReference = BF40E031324F9E87CCB30478 /* Pods-MealApp-MealAppUITests.release.xcconfig */;
			buildSettings = {
				ALWAYS_EMBED_SWIFT_STANDARD_LIBRARIES = YES;
				CLANG_ENABLE_MODULES = YES;
				CODE_SIGN_STYLE = Automatic;
				DEVELOPMENT_TEAM = S267HCZ2HP;
				INFOPLIST_FILE = MealAppUITests/Info.plist;
				LD_RUNPATH_SEARCH_PATHS = (
					"$(inherited)",
					"@executable_path/Frameworks",
					"@loader_path/Frameworks",
				);
				PRODUCT_BUNDLE_IDENTIFIER = com.matheusalano.MealAppUITests;
				PRODUCT_NAME = "$(TARGET_NAME)";
				SWIFT_VERSION = 5.0;
				TARGETED_DEVICE_FAMILY = "1,2";
				TEST_TARGET_NAME = MealApp;
			};
			name = Release;
		};
/* End XCBuildConfiguration section */

/* Begin XCConfigurationList section */
		17C7558A25057B3D00D9AB36 /* Build configuration list for PBXProject "MealApp" */ = {
			isa = XCConfigurationList;
			buildConfigurations = (
				17C755B725057B4200D9AB36 /* Debug */,
				17C755B825057B4200D9AB36 /* Release */,
			);
			defaultConfigurationIsVisible = 0;
			defaultConfigurationName = Release;
		};
		17C755B925057B4200D9AB36 /* Build configuration list for PBXNativeTarget "MealApp" */ = {
			isa = XCConfigurationList;
			buildConfigurations = (
				17C755BA25057B4200D9AB36 /* Debug */,
				17C755BB25057B4200D9AB36 /* Release */,
			);
			defaultConfigurationIsVisible = 0;
			defaultConfigurationName = Release;
		};
		17C755BC25057B4200D9AB36 /* Build configuration list for PBXNativeTarget "MealAppTests" */ = {
			isa = XCConfigurationList;
			buildConfigurations = (
				17C755BD25057B4200D9AB36 /* Debug */,
				17C755BE25057B4200D9AB36 /* Release */,
			);
			defaultConfigurationIsVisible = 0;
			defaultConfigurationName = Release;
		};
		17C755BF25057B4200D9AB36 /* Build configuration list for PBXNativeTarget "MealAppUITests" */ = {
			isa = XCConfigurationList;
			buildConfigurations = (
				17C755C025057B4200D9AB36 /* Debug */,
				17C755C125057B4200D9AB36 /* Release */,
			);
			defaultConfigurationIsVisible = 0;
			defaultConfigurationName = Release;
		};
/* End XCConfigurationList section */
	};
	rootObject = 17C7558725057B3D00D9AB36 /* Project object */;
}
